// !$*UTF8*$!
{
	archiveVersion = 1;
	classes = {
	};
	objectVersion = 56;
	objects = {

/* Begin PBXBuildFile section */
		791C495629B94AEF00C00150 /* ModelManager.swift in Sources */ = {isa = PBXBuildFile; fileRef = 791C495529B94AEF00C00150 /* ModelManager.swift */; };
		791E788A29B937AB00FB45F3 /* Assets.xcassets in Resources */ = {isa = PBXBuildFile; fileRef = 791E788929B937AB00FB45F3 /* Assets.xcassets */; };
		791E788D29B937AB00FB45F3 /* Preview Assets.xcassets in Resources */ = {isa = PBXBuildFile; fileRef = 791E788C29B937AB00FB45F3 /* Preview Assets.xcassets */; };
		791E789729B937AB00FB45F3 /* Terrain4Tests.swift in Sources */ = {isa = PBXBuildFile; fileRef = 791E789629B937AB00FB45F3 /* Terrain4Tests.swift */; };
		791E78A129B937AB00FB45F3 /* Terrain4UITests.swift in Sources */ = {isa = PBXBuildFile; fileRef = 791E78A029B937AB00FB45F3 /* Terrain4UITests.swift */; };
		791E78A329B937AB00FB45F3 /* Terrain4UITestsLaunchTests.swift in Sources */ = {isa = PBXBuildFile; fileRef = 791E78A229B937AB00FB45F3 /* Terrain4UITestsLaunchTests.swift */; };
		791E78B329B9385400FB45F3 /* App.swift in Sources */ = {isa = PBXBuildFile; fileRef = 791E78B129B9385400FB45F3 /* App.swift */; };
		791E78B529B9388400FB45F3 /* AppDelegate.swift in Sources */ = {isa = PBXBuildFile; fileRef = 791E78B429B9388400FB45F3 /* AppDelegate.swift */; };
		791E78C329B9390700FB45F3 /* Configuration.swift in Sources */ = {isa = PBXBuildFile; fileRef = 791E78C029B9390700FB45F3 /* Configuration.swift */; };
		791E78D029B93A2B00FB45F3 /* EditObject.swift in Sources */ = {isa = PBXBuildFile; fileRef = 791E78C929B93A2B00FB45F3 /* EditObject.swift */; };
		791E78D129B93A2B00FB45F3 /* ModelsView.swift in Sources */ = {isa = PBXBuildFile; fileRef = 791E78CA29B93A2B00FB45F3 /* ModelsView.swift */; };
		791E78D229B93A2B00FB45F3 /* TransformView.swift in Sources */ = {isa = PBXBuildFile; fileRef = 791E78CB29B93A2B00FB45F3 /* TransformView.swift */; };
		791E78D329B93A2B00FB45F3 /* TransformsView.swift in Sources */ = {isa = PBXBuildFile; fileRef = 791E78CC29B93A2B00FB45F3 /* TransformsView.swift */; };
		791E78D429B93A2B00FB45F3 /* AddObject.swift in Sources */ = {isa = PBXBuildFile; fileRef = 791E78CD29B93A2B00FB45F3 /* AddObject.swift */; };
		791E78D529B93A2B00FB45F3 /* CheckBox.swift in Sources */ = {isa = PBXBuildFile; fileRef = 791E78CE29B93A2B00FB45F3 /* CheckBox.swift */; };
		791E78D629B93A2B00FB45F3 /* ContentView.swift in Sources */ = {isa = PBXBuildFile; fileRef = 791E78CF29B93A2B00FB45F3 /* ContentView.swift */; };
		791E78FD29B93B6F00FB45F3 /* Http.framework in Frameworks */ = {isa = PBXBuildFile; fileRef = 791E78F929B93B2A00FB45F3 /* Http.framework */; };
		791E78FE29B93B6F00FB45F3 /* Http.framework in Embed Frameworks */ = {isa = PBXBuildFile; fileRef = 791E78F929B93B2A00FB45F3 /* Http.framework */; settings = {ATTRIBUTES = (CodeSignOnCopy, RemoveHeadersOnCopy, ); }; };
		791E790529B93BB600FB45F3 /* ObjectStore.swift in Sources */ = {isa = PBXBuildFile; fileRef = 791E790129B93BB600FB45F3 /* ObjectStore.swift */; };
		791E790829B93BB600FB45F3 /* Transform.swift in Sources */ = {isa = PBXBuildFile; fileRef = 791E790429B93BB600FB45F3 /* Transform.swift */; };
		791E790E29B93BDC00FB45F3 /* Matrix4x4.swift in Sources */ = {isa = PBXBuildFile; fileRef = 791E790A29B93BDC00FB45F3 /* Matrix4x4.swift */; };
		791E790F29B93BDC00FB45F3 /* Vec3.swift in Sources */ = {isa = PBXBuildFile; fileRef = 791E790B29B93BDC00FB45F3 /* Vec3.swift */; };
		791E791029B93BDC00FB45F3 /* Vec4.swift in Sources */ = {isa = PBXBuildFile; fileRef = 791E790C29B93BDC00FB45F3 /* Vec4.swift */; };
		791E791129B93BDC00FB45F3 /* Vec2.swift in Sources */ = {isa = PBXBuildFile; fileRef = 791E790D29B93BDC00FB45F3 /* Vec2.swift */; };
		791E791729B93C2B00FB45F3 /* Model.swift in Sources */ = {isa = PBXBuildFile; fileRef = 791E791429B93C2B00FB45F3 /* Model.swift */; };
		791E791929B93C7D00FB45F3 /* Errors.swift in Sources */ = {isa = PBXBuildFile; fileRef = 791E791829B93C7D00FB45F3 /* Errors.swift */; };
		791E792029B93D6000FB45F3 /* Mesh.swift in Sources */ = {isa = PBXBuildFile; fileRef = 791E791C29B93D6000FB45F3 /* Mesh.swift */; };
		791E792129B93D6000FB45F3 /* RenderObject.swift in Sources */ = {isa = PBXBuildFile; fileRef = 791E791D29B93D6000FB45F3 /* RenderObject.swift */; };
		791E792229B93D6000FB45F3 /* Line.swift in Sources */ = {isa = PBXBuildFile; fileRef = 791E791E29B93D6000FB45F3 /* Line.swift */; };
		791E792329B93D6000FB45F3 /* TriangleMesh.swift in Sources */ = {isa = PBXBuildFile; fileRef = 791E791F29B93D6000FB45F3 /* TriangleMesh.swift */; };
		791E792B29B93D7000FB45F3 /* PbrLineMaterial.swift in Sources */ = {isa = PBXBuildFile; fileRef = 791E792529B93D7000FB45F3 /* PbrLineMaterial.swift */; };
		791E792C29B93D7000FB45F3 /* PbrMaterial.swift in Sources */ = {isa = PBXBuildFile; fileRef = 791E792629B93D7000FB45F3 /* PbrMaterial.swift */; };
		791E792D29B93D7000FB45F3 /* TextureManager.swift in Sources */ = {isa = PBXBuildFile; fileRef = 791E792729B93D7000FB45F3 /* TextureManager.swift */; };
		791E792E29B93D7000FB45F3 /* LineMaterial.swift in Sources */ = {isa = PBXBuildFile; fileRef = 791E792829B93D7000FB45F3 /* LineMaterial.swift */; };
		791E792F29B93D7000FB45F3 /* BaseMaterial.swift in Sources */ = {isa = PBXBuildFile; fileRef = 791E792929B93D7000FB45F3 /* BaseMaterial.swift */; };
		791E793029B93D7000FB45F3 /* MaterialManager.swift in Sources */ = {isa = PBXBuildFile; fileRef = 791E792A29B93D7000FB45F3 /* MaterialManager.swift */; };
		791E793529B9430E00FB45F3 /* Renderer.swift in Sources */ = {isa = PBXBuildFile; fileRef = 791E793229B9430E00FB45F3 /* Renderer.swift */; };
		791E793629B9430E00FB45F3 /* RenderViewController.swift in Sources */ = {isa = PBXBuildFile; fileRef = 791E793329B9430E00FB45F3 /* RenderViewController.swift */; };
		791E793729B9430E00FB45F3 /* RenderDelegate.swift in Sources */ = {isa = PBXBuildFile; fileRef = 791E793429B9430E00FB45F3 /* RenderDelegate.swift */; };
		791E793B29B9433F00FB45F3 /* Camera.swift in Sources */ = {isa = PBXBuildFile; fileRef = 791E793829B9433F00FB45F3 /* Camera.swift */; };
		791E793C29B9433F00FB45F3 /* Skybox.swift in Sources */ = {isa = PBXBuildFile; fileRef = 791E793929B9433F00FB45F3 /* Skybox.swift */; };
		791E793D29B9433F00FB45F3 /* World.swift in Sources */ = {isa = PBXBuildFile; fileRef = 791E793A29B9433F00FB45F3 /* World.swift */; };
		791E793F29B9436800FB45F3 /* TerrainTile.swift in Sources */ = {isa = PBXBuildFile; fileRef = 791E793E29B9436800FB45F3 /* TerrainTile.swift */; };
		791E794129B943E800FB45F3 /* RenderView.swift in Sources */ = {isa = PBXBuildFile; fileRef = 791E794029B943E800FB45F3 /* RenderView.swift */; };
		791E794329B9441800FB45F3 /* Utilities.swift in Sources */ = {isa = PBXBuildFile; fileRef = 791E794229B9441800FB45F3 /* Utilities.swift */; };
		791E794529B9443F00FB45F3 /* Sun.swift in Sources */ = {isa = PBXBuildFile; fileRef = 791E794429B9443F00FB45F3 /* Sun.swift */; };
		791E794729B9446A00FB45F3 /* Types.swift in Sources */ = {isa = PBXBuildFile; fileRef = 791E794629B9446A00FB45F3 /* Types.swift */; };
		791E794E29B944D000FB45F3 /* Pbr.metal in Sources */ = {isa = PBXBuildFile; fileRef = 791E794829B944D000FB45F3 /* Pbr.metal */; };
		791E794F29B944D000FB45F3 /* PbrLineShaders.metal in Sources */ = {isa = PBXBuildFile; fileRef = 791E794929B944D000FB45F3 /* PbrLineShaders.metal */; };
		791E795029B944D000FB45F3 /* LineShaders.metal in Sources */ = {isa = PBXBuildFile; fileRef = 791E794A29B944D000FB45F3 /* LineShaders.metal */; };
		791E795129B944D000FB45F3 /* Shaders.metal in Sources */ = {isa = PBXBuildFile; fileRef = 791E794B29B944D000FB45F3 /* Shaders.metal */; };
		791E795229B944D000FB45F3 /* PbrShaders.metal in Sources */ = {isa = PBXBuildFile; fileRef = 791E794C29B944D000FB45F3 /* PbrShaders.metal */; };
		791E795329B944D000FB45F3 /* SkyboxShaders.metal in Sources */ = {isa = PBXBuildFile; fileRef = 791E794D29B944D000FB45F3 /* SkyboxShaders.metal */; };
		7921DF6F29C7E5EF0013E317 /* UndoProvider.swift in Sources */ = {isa = PBXBuildFile; fileRef = 7921DF6E29C7E5EF0013E317 /* UndoProvider.swift */; };
		7921DF7129C888310013E317 /* ModelTreeListItem.swift in Sources */ = {isa = PBXBuildFile; fileRef = 7921DF7029C888310013E317 /* ModelTreeListItem.swift */; };
		79345D3929C509E200E9F074 /* RectangleAllocator.swift in Sources */ = {isa = PBXBuildFile; fileRef = 79345D3629C509E200E9F074 /* RectangleAllocator.swift */; };
		798D3BE929C35EE600B96C5F /* AlbedoView.swift in Sources */ = {isa = PBXBuildFile; fileRef = 798D3BE829C35EE600B96C5F /* AlbedoView.swift */; };
		798D3BEB29C3613700B96C5F /* NormalsView.swift in Sources */ = {isa = PBXBuildFile; fileRef = 798D3BEA29C3613700B96C5F /* NormalsView.swift */; };
		798D3BED29C361D700B96C5F /* MetallicView.swift in Sources */ = {isa = PBXBuildFile; fileRef = 798D3BEC29C361D700B96C5F /* MetallicView.swift */; };
		798D3BEF29C3621900B96C5F /* RoughnessView.swift in Sources */ = {isa = PBXBuildFile; fileRef = 798D3BEE29C3621900B96C5F /* RoughnessView.swift */; };
		798D3BF129C3C17E00B96C5F /* MaterialLayer.swift in Sources */ = {isa = PBXBuildFile; fileRef = 798D3BF029C3C17E00B96C5F /* MaterialLayer.swift */; };
		798D3BF329C3C1B200B96C5F /* AlbedoLayer.swift in Sources */ = {isa = PBXBuildFile; fileRef = 798D3BF229C3C1B200B96C5F /* AlbedoLayer.swift */; };
		798D3BF529C3C1FB00B96C5F /* MetallicLayer.swift in Sources */ = {isa = PBXBuildFile; fileRef = 798D3BF429C3C1FB00B96C5F /* MetallicLayer.swift */; };
		798D3BF729C3C24400B96C5F /* NormalsLayer.swift in Sources */ = {isa = PBXBuildFile; fileRef = 798D3BF629C3C24400B96C5F /* NormalsLayer.swift */; };
		798D3BF929C3C27400B96C5F /* RoughnessLayer.swift in Sources */ = {isa = PBXBuildFile; fileRef = 798D3BF829C3C27400B96C5F /* RoughnessLayer.swift */; };
		798D3BFD29C3CBF400B96C5F /* File.swift in Sources */ = {isa = PBXBuildFile; fileRef = 798D3BFC29C3CBF400B96C5F /* File.swift */; };
		798D3BFF29C3CC4300B96C5F /* FileCamera.swift in Sources */ = {isa = PBXBuildFile; fileRef = 798D3BFE29C3CC4300B96C5F /* FileCamera.swift */; };
		798D3C0D29C4162D00B96C5F /* MaterialDescriptor.swift in Sources */ = {isa = PBXBuildFile; fileRef = 798D3C0C29C4162D00B96C5F /* MaterialDescriptor.swift */; };
		798D3C1029C4A72B00B96C5F /* AlbedoLayerDescriptor.swift in Sources */ = {isa = PBXBuildFile; fileRef = 798D3C0F29C4A72B00B96C5F /* AlbedoLayerDescriptor.swift */; };
		798D3C1229C4A74C00B96C5F /* MaterialLayerDescriptor.swift in Sources */ = {isa = PBXBuildFile; fileRef = 798D3C1129C4A74C00B96C5F /* MaterialLayerDescriptor.swift */; };
		798D3C1429C4A7E800B96C5F /* NormalsLayerDescriptor.swift in Sources */ = {isa = PBXBuildFile; fileRef = 798D3C1329C4A7E800B96C5F /* NormalsLayerDescriptor.swift */; };
		798D3C1629C4A90C00B96C5F /* MetallicLayerDescriptor.swift in Sources */ = {isa = PBXBuildFile; fileRef = 798D3C1529C4A90C00B96C5F /* MetallicLayerDescriptor.swift */; };
		798D3C1829C4A99500B96C5F /* RoughnessLayerDescriptor.swift in Sources */ = {isa = PBXBuildFile; fileRef = 798D3C1729C4A99500B96C5F /* RoughnessLayerDescriptor.swift */; };
		799B4BBA29C6067800B6826A /* TexturesView.swift in Sources */ = {isa = PBXBuildFile; fileRef = 799B4BB929C6067800B6826A /* TexturesView.swift */; };
		799B4BBD29C651AE00B6826A /* DirectionalLightView.swift in Sources */ = {isa = PBXBuildFile; fileRef = 799B4BBC29C651AE00B6826A /* DirectionalLightView.swift */; };
		799B4BBF29C652D200B6826A /* DirectionalLight.swift in Sources */ = {isa = PBXBuildFile; fileRef = 799B4BBE29C652D200B6826A /* DirectionalLight.swift */; };
		799B4BC129C6853900B6826A /* ShadowShaders.metal in Sources */ = {isa = PBXBuildFile; fileRef = 799B4BC029C6853900B6826A /* ShadowShaders.metal */; };
		799B4BC329C72D3100B6826A /* DepthShadowMaterial.swift in Sources */ = {isa = PBXBuildFile; fileRef = 799B4BC229C72D3100B6826A /* DepthShadowMaterial.swift */; };
		79DF5C5729C52D5F0005CF41 /* SceneDocument.swift in Sources */ = {isa = PBXBuildFile; fileRef = 79DF5C5629C52D5F0005CF41 /* SceneDocument.swift */; };
		79F6D2C129BA58F5007CA69A /* Animator.swift in Sources */ = {isa = PBXBuildFile; fileRef = 79F6D2C029BA58F5007CA69A /* Animator.swift */; };
		79F6D2C629BA5C80007CA69A /* AnimatorsView.swift in Sources */ = {isa = PBXBuildFile; fileRef = 79F6D2C529BA5C80007CA69A /* AnimatorsView.swift */; };
		79F6D2C829BA5F10007CA69A /* MaterialsView.swift in Sources */ = {isa = PBXBuildFile; fileRef = 79F6D2C729BA5F10007CA69A /* MaterialsView.swift */; };
		79F6D2CA29BA6C34007CA69A /* Border.swift in Sources */ = {isa = PBXBuildFile; fileRef = 79F6D2C929BA6C34007CA69A /* Border.swift */; };
		79F6D2CC29BA7EFA007CA69A /* LIght.swift in Sources */ = {isa = PBXBuildFile; fileRef = 79F6D2CB29BA7EFA007CA69A /* LIght.swift */; };
		79F6D2CE29BAA245007CA69A /* Object.swift in Sources */ = {isa = PBXBuildFile; fileRef = 79F6D2CD29BAA245007CA69A /* Object.swift */; };
		79F6D2D129BAA8DB007CA69A /* SphereAllocator.swift in Sources */ = {isa = PBXBuildFile; fileRef = 79F6D2D029BAA8DB007CA69A /* SphereAllocator.swift */; };
		79F6D2D329BAC193007CA69A /* TestRectAllocator.swift in Sources */ = {isa = PBXBuildFile; fileRef = 79F6D2D229BAC193007CA69A /* TestRectAllocator.swift */; };
		79F6D2D529BB6236007CA69A /* ObjectsView.swift in Sources */ = {isa = PBXBuildFile; fileRef = 79F6D2D429BB6236007CA69A /* ObjectsView.swift */; };
		79F6D2D729BB6642007CA69A /* AnimatorStore.swift in Sources */ = {isa = PBXBuildFile; fileRef = 79F6D2D629BB6642007CA69A /* AnimatorStore.swift */; };
		79F6D2D929BB691E007CA69A /* ModelDetailsView.swift in Sources */ = {isa = PBXBuildFile; fileRef = 79F6D2D829BB691E007CA69A /* ModelDetailsView.swift */; };
		79F6D2DB29BB6A08007CA69A /* AnimatorDetailsView.swift in Sources */ = {isa = PBXBuildFile; fileRef = 79F6D2DA29BB6A07007CA69A /* AnimatorDetailsView.swift */; };
		79F6D2DD29BB92C7007CA69A /* AnimatorListItem.swift in Sources */ = {isa = PBXBuildFile; fileRef = 79F6D2DC29BB92C7007CA69A /* AnimatorListItem.swift */; };
		79F6D2DF29BB941F007CA69A /* AnimatorPickerItem.swift in Sources */ = {isa = PBXBuildFile; fileRef = 79F6D2DE29BB941E007CA69A /* AnimatorPickerItem.swift */; };
		79F6D2E129BBA375007CA69A /* ObjectDetailsView.swift in Sources */ = {isa = PBXBuildFile; fileRef = 79F6D2E029BBA375007CA69A /* ObjectDetailsView.swift */; };
		79F6D2E529BC2C6A007CA69A /* LightDetailsView.swift in Sources */ = {isa = PBXBuildFile; fileRef = 79F6D2E429BC2C6A007CA69A /* LightDetailsView.swift */; };
		79F6D2EB29BCBD83007CA69A /* NumericField.swift in Sources */ = {isa = PBXBuildFile; fileRef = 79F6D2E829BCBD83007CA69A /* NumericField.swift */; };
		79F6D2ED29BCC53E007CA69A /* LabeledNumericField.swift in Sources */ = {isa = PBXBuildFile; fileRef = 79F6D2EC29BCC53E007CA69A /* LabeledNumericField.swift */; };
		79F6D2EF29BCC983007CA69A /* VectorFieldView.swift in Sources */ = {isa = PBXBuildFile; fileRef = 79F6D2EE29BCC983007CA69A /* VectorFieldView.swift */; };
		79F6D2FC29C16769007CA69A /* MaterialListItem.swift in Sources */ = {isa = PBXBuildFile; fileRef = 79F6D2FB29C16769007CA69A /* MaterialListItem.swift */; };
		79F6D2FE29C16894007CA69A /* MaterialDetailView.swift in Sources */ = {isa = PBXBuildFile; fileRef = 79F6D2FD29C16894007CA69A /* MaterialDetailView.swift */; };
		79F6D30029C16FC5007CA69A /* Selected.swift in Sources */ = {isa = PBXBuildFile; fileRef = 79F6D2FF29C16FC5007CA69A /* Selected.swift */; };
		79F6D30229C1DC79007CA69A /* ListItemField.swift in Sources */ = {isa = PBXBuildFile; fileRef = 79F6D30129C1DC78007CA69A /* ListItemField.swift */; };
		79F6D30429C1DD7F007CA69A /* ListItem.swift in Sources */ = {isa = PBXBuildFile; fileRef = 79F6D30329C1DD7F007CA69A /* ListItem.swift */; };
		79F6D30629C1E25E007CA69A /* OpenFileButton.swift in Sources */ = {isa = PBXBuildFile; fileRef = 79F6D30529C1E25E007CA69A /* OpenFileButton.swift */; };
		79F6D30929C1EDBE007CA69A /* ObjectMaterialView.swift in Sources */ = {isa = PBXBuildFile; fileRef = 79F6D30829C1EDBE007CA69A /* ObjectMaterialView.swift */; };
/* End PBXBuildFile section */

/* Begin PBXContainerItemProxy section */
		791E789329B937AB00FB45F3 /* PBXContainerItemProxy */ = {
			isa = PBXContainerItemProxy;
			containerPortal = 791E787A29B937A900FB45F3 /* Project object */;
			proxyType = 1;
			remoteGlobalIDString = 791E788129B937A900FB45F3;
			remoteInfo = Terrain4;
		};
		791E789D29B937AB00FB45F3 /* PBXContainerItemProxy */ = {
			isa = PBXContainerItemProxy;
			containerPortal = 791E787A29B937A900FB45F3 /* Project object */;
			proxyType = 1;
			remoteGlobalIDString = 791E788129B937A900FB45F3;
			remoteInfo = Terrain4;
		};
		791E78F829B93B2A00FB45F3 /* PBXContainerItemProxy */ = {
			isa = PBXContainerItemProxy;
			containerPortal = 791E78F329B93B2A00FB45F3 /* Http.xcodeproj */;
			proxyType = 2;
			remoteGlobalIDString = 793713B12915D17E001897DD;
			remoteInfo = Http;
		};
		791E78FA29B93B2A00FB45F3 /* PBXContainerItemProxy */ = {
			isa = PBXContainerItemProxy;
			containerPortal = 791E78F329B93B2A00FB45F3 /* Http.xcodeproj */;
			proxyType = 2;
			remoteGlobalIDString = 793713BB2915D17E001897DD;
			remoteInfo = HttpTests;
		};
/* End PBXContainerItemProxy section */

/* Begin PBXCopyFilesBuildPhase section */
		791E78FF29B93B6F00FB45F3 /* Embed Frameworks */ = {
			isa = PBXCopyFilesBuildPhase;
			buildActionMask = 2147483647;
			dstPath = "";
			dstSubfolderSpec = 10;
			files = (
				791E78FE29B93B6F00FB45F3 /* Http.framework in Embed Frameworks */,
			);
			name = "Embed Frameworks";
			runOnlyForDeploymentPostprocessing = 0;
		};
/* End PBXCopyFilesBuildPhase section */

/* Begin PBXFileReference section */
		791C495429B9488300C00150 /* Terrain4.entitlements */ = {isa = PBXFileReference; lastKnownFileType = text.plist.entitlements; path = Terrain4.entitlements; sourceTree = "<group>"; };
		791C495529B94AEF00C00150 /* ModelManager.swift */ = {isa = PBXFileReference; lastKnownFileType = sourcecode.swift; path = ModelManager.swift; sourceTree = "<group>"; };
		791E788229B937A900FB45F3 /* Terrain4.app */ = {isa = PBXFileReference; explicitFileType = wrapper.application; includeInIndex = 0; path = Terrain4.app; sourceTree = BUILT_PRODUCTS_DIR; };
		791E788929B937AB00FB45F3 /* Assets.xcassets */ = {isa = PBXFileReference; lastKnownFileType = folder.assetcatalog; path = Assets.xcassets; sourceTree = "<group>"; };
		791E788C29B937AB00FB45F3 /* Preview Assets.xcassets */ = {isa = PBXFileReference; lastKnownFileType = folder.assetcatalog; path = "Preview Assets.xcassets"; sourceTree = "<group>"; };
		791E789229B937AB00FB45F3 /* Terrain4Tests.xctest */ = {isa = PBXFileReference; explicitFileType = wrapper.cfbundle; includeInIndex = 0; path = Terrain4Tests.xctest; sourceTree = BUILT_PRODUCTS_DIR; };
		791E789629B937AB00FB45F3 /* Terrain4Tests.swift */ = {isa = PBXFileReference; lastKnownFileType = sourcecode.swift; path = Terrain4Tests.swift; sourceTree = "<group>"; };
		791E789C29B937AB00FB45F3 /* Terrain4UITests.xctest */ = {isa = PBXFileReference; explicitFileType = wrapper.cfbundle; includeInIndex = 0; path = Terrain4UITests.xctest; sourceTree = BUILT_PRODUCTS_DIR; };
		791E78A029B937AB00FB45F3 /* Terrain4UITests.swift */ = {isa = PBXFileReference; lastKnownFileType = sourcecode.swift; path = Terrain4UITests.swift; sourceTree = "<group>"; };
		791E78A229B937AB00FB45F3 /* Terrain4UITestsLaunchTests.swift */ = {isa = PBXFileReference; lastKnownFileType = sourcecode.swift; path = Terrain4UITestsLaunchTests.swift; sourceTree = "<group>"; };
		791E78B129B9385400FB45F3 /* App.swift */ = {isa = PBXFileReference; fileEncoding = 4; lastKnownFileType = sourcecode.swift; path = App.swift; sourceTree = "<group>"; };
		791E78B429B9388400FB45F3 /* AppDelegate.swift */ = {isa = PBXFileReference; fileEncoding = 4; lastKnownFileType = sourcecode.swift; path = AppDelegate.swift; sourceTree = "<group>"; };
		791E78C029B9390700FB45F3 /* Configuration.swift */ = {isa = PBXFileReference; fileEncoding = 4; lastKnownFileType = sourcecode.swift; path = Configuration.swift; sourceTree = "<group>"; };
		791E78C929B93A2B00FB45F3 /* EditObject.swift */ = {isa = PBXFileReference; fileEncoding = 4; lastKnownFileType = sourcecode.swift; path = EditObject.swift; sourceTree = "<group>"; };
		791E78CA29B93A2B00FB45F3 /* ModelsView.swift */ = {isa = PBXFileReference; fileEncoding = 4; lastKnownFileType = sourcecode.swift; path = ModelsView.swift; sourceTree = "<group>"; };
		791E78CB29B93A2B00FB45F3 /* TransformView.swift */ = {isa = PBXFileReference; fileEncoding = 4; lastKnownFileType = sourcecode.swift; path = TransformView.swift; sourceTree = "<group>"; };
		791E78CC29B93A2B00FB45F3 /* TransformsView.swift */ = {isa = PBXFileReference; fileEncoding = 4; lastKnownFileType = sourcecode.swift; path = TransformsView.swift; sourceTree = "<group>"; };
		791E78CD29B93A2B00FB45F3 /* AddObject.swift */ = {isa = PBXFileReference; fileEncoding = 4; lastKnownFileType = sourcecode.swift; path = AddObject.swift; sourceTree = "<group>"; };
		791E78CE29B93A2B00FB45F3 /* CheckBox.swift */ = {isa = PBXFileReference; fileEncoding = 4; lastKnownFileType = sourcecode.swift; path = CheckBox.swift; sourceTree = "<group>"; };
		791E78CF29B93A2B00FB45F3 /* ContentView.swift */ = {isa = PBXFileReference; fileEncoding = 4; lastKnownFileType = sourcecode.swift; path = ContentView.swift; sourceTree = "<group>"; };
		791E78F329B93B2A00FB45F3 /* Http.xcodeproj */ = {isa = PBXFileReference; lastKnownFileType = "wrapper.pb-project"; name = Http.xcodeproj; path = ../Http/Http.xcodeproj; sourceTree = "<group>"; };
		791E790129B93BB600FB45F3 /* ObjectStore.swift */ = {isa = PBXFileReference; fileEncoding = 4; lastKnownFileType = sourcecode.swift; path = ObjectStore.swift; sourceTree = "<group>"; };
		791E790429B93BB600FB45F3 /* Transform.swift */ = {isa = PBXFileReference; fileEncoding = 4; lastKnownFileType = sourcecode.swift; path = Transform.swift; sourceTree = "<group>"; };
		791E790A29B93BDC00FB45F3 /* Matrix4x4.swift */ = {isa = PBXFileReference; fileEncoding = 4; lastKnownFileType = sourcecode.swift; path = Matrix4x4.swift; sourceTree = "<group>"; };
		791E790B29B93BDC00FB45F3 /* Vec3.swift */ = {isa = PBXFileReference; fileEncoding = 4; lastKnownFileType = sourcecode.swift; path = Vec3.swift; sourceTree = "<group>"; };
		791E790C29B93BDC00FB45F3 /* Vec4.swift */ = {isa = PBXFileReference; fileEncoding = 4; lastKnownFileType = sourcecode.swift; path = Vec4.swift; sourceTree = "<group>"; };
		791E790D29B93BDC00FB45F3 /* Vec2.swift */ = {isa = PBXFileReference; fileEncoding = 4; lastKnownFileType = sourcecode.swift; path = Vec2.swift; sourceTree = "<group>"; };
		791E791429B93C2B00FB45F3 /* Model.swift */ = {isa = PBXFileReference; fileEncoding = 4; lastKnownFileType = sourcecode.swift; path = Model.swift; sourceTree = "<group>"; };
		791E791829B93C7D00FB45F3 /* Errors.swift */ = {isa = PBXFileReference; fileEncoding = 4; lastKnownFileType = sourcecode.swift; path = Errors.swift; sourceTree = "<group>"; };
		791E791C29B93D6000FB45F3 /* Mesh.swift */ = {isa = PBXFileReference; fileEncoding = 4; lastKnownFileType = sourcecode.swift; path = Mesh.swift; sourceTree = "<group>"; };
		791E791D29B93D6000FB45F3 /* RenderObject.swift */ = {isa = PBXFileReference; fileEncoding = 4; lastKnownFileType = sourcecode.swift; path = RenderObject.swift; sourceTree = "<group>"; };
		791E791E29B93D6000FB45F3 /* Line.swift */ = {isa = PBXFileReference; fileEncoding = 4; lastKnownFileType = sourcecode.swift; path = Line.swift; sourceTree = "<group>"; };
		791E791F29B93D6000FB45F3 /* TriangleMesh.swift */ = {isa = PBXFileReference; fileEncoding = 4; lastKnownFileType = sourcecode.swift; path = TriangleMesh.swift; sourceTree = "<group>"; };
		791E792529B93D7000FB45F3 /* PbrLineMaterial.swift */ = {isa = PBXFileReference; fileEncoding = 4; lastKnownFileType = sourcecode.swift; path = PbrLineMaterial.swift; sourceTree = "<group>"; };
		791E792629B93D7000FB45F3 /* PbrMaterial.swift */ = {isa = PBXFileReference; fileEncoding = 4; lastKnownFileType = sourcecode.swift; path = PbrMaterial.swift; sourceTree = "<group>"; };
		791E792729B93D7000FB45F3 /* TextureManager.swift */ = {isa = PBXFileReference; fileEncoding = 4; lastKnownFileType = sourcecode.swift; path = TextureManager.swift; sourceTree = "<group>"; };
		791E792829B93D7000FB45F3 /* LineMaterial.swift */ = {isa = PBXFileReference; fileEncoding = 4; lastKnownFileType = sourcecode.swift; path = LineMaterial.swift; sourceTree = "<group>"; };
		791E792929B93D7000FB45F3 /* BaseMaterial.swift */ = {isa = PBXFileReference; fileEncoding = 4; lastKnownFileType = sourcecode.swift; path = BaseMaterial.swift; sourceTree = "<group>"; };
		791E792A29B93D7000FB45F3 /* MaterialManager.swift */ = {isa = PBXFileReference; fileEncoding = 4; lastKnownFileType = sourcecode.swift; path = MaterialManager.swift; sourceTree = "<group>"; };
		791E793129B9429000FB45F3 /* ShaderTypes.h */ = {isa = PBXFileReference; fileEncoding = 4; lastKnownFileType = sourcecode.c.h; path = ShaderTypes.h; sourceTree = "<group>"; };
		791E793229B9430E00FB45F3 /* Renderer.swift */ = {isa = PBXFileReference; fileEncoding = 4; lastKnownFileType = sourcecode.swift; path = Renderer.swift; sourceTree = "<group>"; };
		791E793329B9430E00FB45F3 /* RenderViewController.swift */ = {isa = PBXFileReference; fileEncoding = 4; lastKnownFileType = sourcecode.swift; path = RenderViewController.swift; sourceTree = "<group>"; };
		791E793429B9430E00FB45F3 /* RenderDelegate.swift */ = {isa = PBXFileReference; fileEncoding = 4; lastKnownFileType = sourcecode.swift; path = RenderDelegate.swift; sourceTree = "<group>"; };
		791E793829B9433F00FB45F3 /* Camera.swift */ = {isa = PBXFileReference; fileEncoding = 4; lastKnownFileType = sourcecode.swift; path = Camera.swift; sourceTree = "<group>"; };
		791E793929B9433F00FB45F3 /* Skybox.swift */ = {isa = PBXFileReference; fileEncoding = 4; lastKnownFileType = sourcecode.swift; path = Skybox.swift; sourceTree = "<group>"; };
		791E793A29B9433F00FB45F3 /* World.swift */ = {isa = PBXFileReference; fileEncoding = 4; lastKnownFileType = sourcecode.swift; path = World.swift; sourceTree = "<group>"; };
		791E793E29B9436800FB45F3 /* TerrainTile.swift */ = {isa = PBXFileReference; fileEncoding = 4; lastKnownFileType = sourcecode.swift; path = TerrainTile.swift; sourceTree = "<group>"; };
		791E794029B943E800FB45F3 /* RenderView.swift */ = {isa = PBXFileReference; fileEncoding = 4; lastKnownFileType = sourcecode.swift; path = RenderView.swift; sourceTree = "<group>"; };
		791E794229B9441800FB45F3 /* Utilities.swift */ = {isa = PBXFileReference; fileEncoding = 4; lastKnownFileType = sourcecode.swift; path = Utilities.swift; sourceTree = "<group>"; };
		791E794429B9443F00FB45F3 /* Sun.swift */ = {isa = PBXFileReference; fileEncoding = 4; lastKnownFileType = sourcecode.swift; path = Sun.swift; sourceTree = "<group>"; };
		791E794629B9446A00FB45F3 /* Types.swift */ = {isa = PBXFileReference; fileEncoding = 4; lastKnownFileType = sourcecode.swift; path = Types.swift; sourceTree = "<group>"; };
		791E794829B944D000FB45F3 /* Pbr.metal */ = {isa = PBXFileReference; fileEncoding = 4; lastKnownFileType = sourcecode.metal; path = Pbr.metal; sourceTree = "<group>"; };
		791E794929B944D000FB45F3 /* PbrLineShaders.metal */ = {isa = PBXFileReference; fileEncoding = 4; lastKnownFileType = sourcecode.metal; path = PbrLineShaders.metal; sourceTree = "<group>"; };
		791E794A29B944D000FB45F3 /* LineShaders.metal */ = {isa = PBXFileReference; fileEncoding = 4; lastKnownFileType = sourcecode.metal; path = LineShaders.metal; sourceTree = "<group>"; };
		791E794B29B944D000FB45F3 /* Shaders.metal */ = {isa = PBXFileReference; fileEncoding = 4; lastKnownFileType = sourcecode.metal; path = Shaders.metal; sourceTree = "<group>"; };
		791E794C29B944D000FB45F3 /* PbrShaders.metal */ = {isa = PBXFileReference; fileEncoding = 4; lastKnownFileType = sourcecode.metal; path = PbrShaders.metal; sourceTree = "<group>"; };
		791E794D29B944D000FB45F3 /* SkyboxShaders.metal */ = {isa = PBXFileReference; fileEncoding = 4; lastKnownFileType = sourcecode.metal; path = SkyboxShaders.metal; sourceTree = "<group>"; };
		791E795429B9457700FB45F3 /* Info.plist */ = {isa = PBXFileReference; lastKnownFileType = text.plist; path = Info.plist; sourceTree = "<group>"; };
		7921DF6E29C7E5EF0013E317 /* UndoProvider.swift */ = {isa = PBXFileReference; lastKnownFileType = sourcecode.swift; path = UndoProvider.swift; sourceTree = "<group>"; };
		7921DF7029C888310013E317 /* ModelTreeListItem.swift */ = {isa = PBXFileReference; lastKnownFileType = sourcecode.swift; path = ModelTreeListItem.swift; sourceTree = "<group>"; };
		79345D3629C509E200E9F074 /* RectangleAllocator.swift */ = {isa = PBXFileReference; fileEncoding = 4; lastKnownFileType = sourcecode.swift; path = RectangleAllocator.swift; sourceTree = "<group>"; };
		798D3BE829C35EE600B96C5F /* AlbedoView.swift */ = {isa = PBXFileReference; lastKnownFileType = sourcecode.swift; path = AlbedoView.swift; sourceTree = "<group>"; };
		798D3BEA29C3613700B96C5F /* NormalsView.swift */ = {isa = PBXFileReference; lastKnownFileType = sourcecode.swift; path = NormalsView.swift; sourceTree = "<group>"; };
		798D3BEC29C361D700B96C5F /* MetallicView.swift */ = {isa = PBXFileReference; lastKnownFileType = sourcecode.swift; path = MetallicView.swift; sourceTree = "<group>"; };
		798D3BEE29C3621900B96C5F /* RoughnessView.swift */ = {isa = PBXFileReference; lastKnownFileType = sourcecode.swift; path = RoughnessView.swift; sourceTree = "<group>"; };
		798D3BF029C3C17E00B96C5F /* MaterialLayer.swift */ = {isa = PBXFileReference; lastKnownFileType = sourcecode.swift; path = MaterialLayer.swift; sourceTree = "<group>"; };
		798D3BF229C3C1B200B96C5F /* AlbedoLayer.swift */ = {isa = PBXFileReference; lastKnownFileType = sourcecode.swift; path = AlbedoLayer.swift; sourceTree = "<group>"; };
		798D3BF429C3C1FB00B96C5F /* MetallicLayer.swift */ = {isa = PBXFileReference; lastKnownFileType = sourcecode.swift; path = MetallicLayer.swift; sourceTree = "<group>"; };
		798D3BF629C3C24400B96C5F /* NormalsLayer.swift */ = {isa = PBXFileReference; lastKnownFileType = sourcecode.swift; path = NormalsLayer.swift; sourceTree = "<group>"; };
		798D3BF829C3C27400B96C5F /* RoughnessLayer.swift */ = {isa = PBXFileReference; lastKnownFileType = sourcecode.swift; path = RoughnessLayer.swift; sourceTree = "<group>"; };
		798D3BFC29C3CBF400B96C5F /* File.swift */ = {isa = PBXFileReference; lastKnownFileType = sourcecode.swift; path = File.swift; sourceTree = "<group>"; };
		798D3BFE29C3CC4300B96C5F /* FileCamera.swift */ = {isa = PBXFileReference; lastKnownFileType = sourcecode.swift; path = FileCamera.swift; sourceTree = "<group>"; };
		798D3C0C29C4162D00B96C5F /* MaterialDescriptor.swift */ = {isa = PBXFileReference; lastKnownFileType = sourcecode.swift; path = MaterialDescriptor.swift; sourceTree = "<group>"; };
		798D3C0F29C4A72B00B96C5F /* AlbedoLayerDescriptor.swift */ = {isa = PBXFileReference; lastKnownFileType = sourcecode.swift; path = AlbedoLayerDescriptor.swift; sourceTree = "<group>"; };
		798D3C1129C4A74C00B96C5F /* MaterialLayerDescriptor.swift */ = {isa = PBXFileReference; lastKnownFileType = sourcecode.swift; path = MaterialLayerDescriptor.swift; sourceTree = "<group>"; };
		798D3C1329C4A7E800B96C5F /* NormalsLayerDescriptor.swift */ = {isa = PBXFileReference; lastKnownFileType = sourcecode.swift; path = NormalsLayerDescriptor.swift; sourceTree = "<group>"; };
		798D3C1529C4A90C00B96C5F /* MetallicLayerDescriptor.swift */ = {isa = PBXFileReference; lastKnownFileType = sourcecode.swift; path = MetallicLayerDescriptor.swift; sourceTree = "<group>"; };
		798D3C1729C4A99500B96C5F /* RoughnessLayerDescriptor.swift */ = {isa = PBXFileReference; lastKnownFileType = sourcecode.swift; path = RoughnessLayerDescriptor.swift; sourceTree = "<group>"; };
		799B4BB929C6067800B6826A /* TexturesView.swift */ = {isa = PBXFileReference; lastKnownFileType = sourcecode.swift; path = TexturesView.swift; sourceTree = "<group>"; };
		799B4BBC29C651AE00B6826A /* DirectionalLightView.swift */ = {isa = PBXFileReference; lastKnownFileType = sourcecode.swift; path = DirectionalLightView.swift; sourceTree = "<group>"; };
		799B4BBE29C652D200B6826A /* DirectionalLight.swift */ = {isa = PBXFileReference; lastKnownFileType = sourcecode.swift; path = DirectionalLight.swift; sourceTree = "<group>"; };
		799B4BC029C6853900B6826A /* ShadowShaders.metal */ = {isa = PBXFileReference; lastKnownFileType = sourcecode.metal; path = ShadowShaders.metal; sourceTree = "<group>"; };
		799B4BC229C72D3100B6826A /* DepthShadowMaterial.swift */ = {isa = PBXFileReference; lastKnownFileType = sourcecode.swift; path = DepthShadowMaterial.swift; sourceTree = "<group>"; };
		79DF5C5629C52D5F0005CF41 /* SceneDocument.swift */ = {isa = PBXFileReference; lastKnownFileType = sourcecode.swift; path = SceneDocument.swift; sourceTree = "<group>"; };
		79F6D2C029BA58F5007CA69A /* Animator.swift */ = {isa = PBXFileReference; lastKnownFileType = sourcecode.swift; path = Animator.swift; sourceTree = "<group>"; };
		79F6D2C529BA5C80007CA69A /* AnimatorsView.swift */ = {isa = PBXFileReference; lastKnownFileType = sourcecode.swift; path = AnimatorsView.swift; sourceTree = "<group>"; };
		79F6D2C729BA5F10007CA69A /* MaterialsView.swift */ = {isa = PBXFileReference; lastKnownFileType = sourcecode.swift; path = MaterialsView.swift; sourceTree = "<group>"; };
		79F6D2C929BA6C34007CA69A /* Border.swift */ = {isa = PBXFileReference; fileEncoding = 4; lastKnownFileType = sourcecode.swift; path = Border.swift; sourceTree = "<group>"; };
		79F6D2CB29BA7EFA007CA69A /* LIght.swift */ = {isa = PBXFileReference; lastKnownFileType = sourcecode.swift; path = LIght.swift; sourceTree = "<group>"; };
		79F6D2CD29BAA245007CA69A /* Object.swift */ = {isa = PBXFileReference; lastKnownFileType = sourcecode.swift; path = Object.swift; sourceTree = "<group>"; };
		79F6D2D029BAA8DB007CA69A /* SphereAllocator.swift */ = {isa = PBXFileReference; lastKnownFileType = sourcecode.swift; path = SphereAllocator.swift; sourceTree = "<group>"; };
		79F6D2D229BAC193007CA69A /* TestRectAllocator.swift */ = {isa = PBXFileReference; lastKnownFileType = sourcecode.swift; path = TestRectAllocator.swift; sourceTree = "<group>"; };
		79F6D2D429BB6236007CA69A /* ObjectsView.swift */ = {isa = PBXFileReference; lastKnownFileType = sourcecode.swift; path = ObjectsView.swift; sourceTree = "<group>"; };
		79F6D2D629BB6642007CA69A /* AnimatorStore.swift */ = {isa = PBXFileReference; lastKnownFileType = sourcecode.swift; path = AnimatorStore.swift; sourceTree = "<group>"; };
		79F6D2D829BB691E007CA69A /* ModelDetailsView.swift */ = {isa = PBXFileReference; lastKnownFileType = sourcecode.swift; path = ModelDetailsView.swift; sourceTree = "<group>"; };
		79F6D2DA29BB6A07007CA69A /* AnimatorDetailsView.swift */ = {isa = PBXFileReference; lastKnownFileType = sourcecode.swift; path = AnimatorDetailsView.swift; sourceTree = "<group>"; };
		79F6D2DC29BB92C7007CA69A /* AnimatorListItem.swift */ = {isa = PBXFileReference; lastKnownFileType = sourcecode.swift; path = AnimatorListItem.swift; sourceTree = "<group>"; };
		79F6D2DE29BB941E007CA69A /* AnimatorPickerItem.swift */ = {isa = PBXFileReference; lastKnownFileType = sourcecode.swift; path = AnimatorPickerItem.swift; sourceTree = "<group>"; };
		79F6D2E029BBA375007CA69A /* ObjectDetailsView.swift */ = {isa = PBXFileReference; lastKnownFileType = sourcecode.swift; path = ObjectDetailsView.swift; sourceTree = "<group>"; };
		79F6D2E429BC2C6A007CA69A /* LightDetailsView.swift */ = {isa = PBXFileReference; lastKnownFileType = sourcecode.swift; path = LightDetailsView.swift; sourceTree = "<group>"; };
		79F6D2E829BCBD83007CA69A /* NumericField.swift */ = {isa = PBXFileReference; fileEncoding = 4; lastKnownFileType = sourcecode.swift; path = NumericField.swift; sourceTree = "<group>"; };
		79F6D2EC29BCC53E007CA69A /* LabeledNumericField.swift */ = {isa = PBXFileReference; lastKnownFileType = sourcecode.swift; path = LabeledNumericField.swift; sourceTree = "<group>"; };
		79F6D2EE29BCC983007CA69A /* VectorFieldView.swift */ = {isa = PBXFileReference; lastKnownFileType = sourcecode.swift; path = VectorFieldView.swift; sourceTree = "<group>"; };
		79F6D2FB29C16769007CA69A /* MaterialListItem.swift */ = {isa = PBXFileReference; lastKnownFileType = sourcecode.swift; path = MaterialListItem.swift; sourceTree = "<group>"; };
		79F6D2FD29C16894007CA69A /* MaterialDetailView.swift */ = {isa = PBXFileReference; lastKnownFileType = sourcecode.swift; path = MaterialDetailView.swift; sourceTree = "<group>"; };
		79F6D2FF29C16FC5007CA69A /* Selected.swift */ = {isa = PBXFileReference; lastKnownFileType = sourcecode.swift; path = Selected.swift; sourceTree = "<group>"; };
		79F6D30129C1DC78007CA69A /* ListItemField.swift */ = {isa = PBXFileReference; lastKnownFileType = sourcecode.swift; path = ListItemField.swift; sourceTree = "<group>"; };
		79F6D30329C1DD7F007CA69A /* ListItem.swift */ = {isa = PBXFileReference; lastKnownFileType = sourcecode.swift; path = ListItem.swift; sourceTree = "<group>"; };
		79F6D30529C1E25E007CA69A /* OpenFileButton.swift */ = {isa = PBXFileReference; lastKnownFileType = sourcecode.swift; path = OpenFileButton.swift; sourceTree = "<group>"; };
		79F6D30829C1EDBE007CA69A /* ObjectMaterialView.swift */ = {isa = PBXFileReference; lastKnownFileType = sourcecode.swift; path = ObjectMaterialView.swift; sourceTree = "<group>"; };
/* End PBXFileReference section */

/* Begin PBXFrameworksBuildPhase section */
		791E787F29B937A900FB45F3 /* Frameworks */ = {
			isa = PBXFrameworksBuildPhase;
			buildActionMask = 2147483647;
			files = (
				791E78FD29B93B6F00FB45F3 /* Http.framework in Frameworks */,
			);
			runOnlyForDeploymentPostprocessing = 0;
		};
		791E788F29B937AB00FB45F3 /* Frameworks */ = {
			isa = PBXFrameworksBuildPhase;
			buildActionMask = 2147483647;
			files = (
			);
			runOnlyForDeploymentPostprocessing = 0;
		};
		791E789929B937AB00FB45F3 /* Frameworks */ = {
			isa = PBXFrameworksBuildPhase;
			buildActionMask = 2147483647;
			files = (
			);
			runOnlyForDeploymentPostprocessing = 0;
		};
/* End PBXFrameworksBuildPhase section */

/* Begin PBXGroup section */
		791E787929B937A900FB45F3 = {
			isa = PBXGroup;
			children = (
				791E78F329B93B2A00FB45F3 /* Http.xcodeproj */,
				791E788429B937A900FB45F3 /* Terrain4 */,
				791E789529B937AB00FB45F3 /* Terrain4Tests */,
				791E789F29B937AB00FB45F3 /* Terrain4UITests */,
				791E788329B937A900FB45F3 /* Products */,
				791E78FC29B93B6F00FB45F3 /* Frameworks */,
			);
			sourceTree = "<group>";
		};
		791E788329B937A900FB45F3 /* Products */ = {
			isa = PBXGroup;
			children = (
				791E788229B937A900FB45F3 /* Terrain4.app */,
				791E789229B937AB00FB45F3 /* Terrain4Tests.xctest */,
				791E789C29B937AB00FB45F3 /* Terrain4UITests.xctest */,
			);
			name = Products;
			sourceTree = "<group>";
		};
		791E788429B937A900FB45F3 /* Terrain4 */ = {
			isa = PBXGroup;
			children = (
				791C495429B9488300C00150 /* Terrain4.entitlements */,
				791E793129B9429000FB45F3 /* ShaderTypes.h */,
				791E794A29B944D000FB45F3 /* LineShaders.metal */,
				791E794829B944D000FB45F3 /* Pbr.metal */,
				791E794929B944D000FB45F3 /* PbrLineShaders.metal */,
				791E794B29B944D000FB45F3 /* Shaders.metal */,
				791E794C29B944D000FB45F3 /* PbrShaders.metal */,
				791E794D29B944D000FB45F3 /* SkyboxShaders.metal */,
				799B4BC029C6853900B6826A /* ShadowShaders.metal */,
				791E795429B9457700FB45F3 /* Info.plist */,
				791E78B429B9388400FB45F3 /* AppDelegate.swift */,
				791E793829B9433F00FB45F3 /* Camera.swift */,
				791E78C029B9390700FB45F3 /* Configuration.swift */,
				791E791829B93C7D00FB45F3 /* Errors.swift */,
				791E791429B93C2B00FB45F3 /* Model.swift */,
				791E794029B943E800FB45F3 /* RenderView.swift */,
				791E793429B9430E00FB45F3 /* RenderDelegate.swift */,
				791E793229B9430E00FB45F3 /* Renderer.swift */,
				791E793329B9430E00FB45F3 /* RenderViewController.swift */,
				791E793929B9433F00FB45F3 /* Skybox.swift */,
				791E794429B9443F00FB45F3 /* Sun.swift */,
				791E793E29B9436800FB45F3 /* TerrainTile.swift */,
				791E794629B9446A00FB45F3 /* Types.swift */,
				791E794229B9441800FB45F3 /* Utilities.swift */,
				791E793A29B9433F00FB45F3 /* World.swift */,
				791E788929B937AB00FB45F3 /* Assets.xcassets */,
				79F6D2CF29BAA8C7007CA69A /* Allocators */,
				791E792429B93D7000FB45F3 /* Materials */,
				791E790929B93BDC00FB45F3 /* Math */,
				791E788B29B937AB00FB45F3 /* Preview Content */,
				791E791B29B93D6000FB45F3 /* RenderObjects */,
				791E790029B93BB600FB45F3 /* UIModels */,
				791E78C829B93A2B00FB45F3 /* UserInterface */,
			);
			path = Terrain4;
			sourceTree = "<group>";
		};
		791E788B29B937AB00FB45F3 /* Preview Content */ = {
			isa = PBXGroup;
			children = (
				791E788C29B937AB00FB45F3 /* Preview Assets.xcassets */,
			);
			path = "Preview Content";
			sourceTree = "<group>";
		};
		791E789529B937AB00FB45F3 /* Terrain4Tests */ = {
			isa = PBXGroup;
			children = (
				791E789629B937AB00FB45F3 /* Terrain4Tests.swift */,
			);
			path = Terrain4Tests;
			sourceTree = "<group>";
		};
		791E789F29B937AB00FB45F3 /* Terrain4UITests */ = {
			isa = PBXGroup;
			children = (
				791E78A029B937AB00FB45F3 /* Terrain4UITests.swift */,
				791E78A229B937AB00FB45F3 /* Terrain4UITestsLaunchTests.swift */,
			);
			path = Terrain4UITests;
			sourceTree = "<group>";
		};
		791E78C829B93A2B00FB45F3 /* UserInterface */ = {
			isa = PBXGroup;
			children = (
				79F6D2F829C15D1E007CA69A /* Animators */,
				79F6D2F729C15D13007CA69A /* Materials */,
				79F6D2F529C15CF9007CA69A /* Models */,
				799B4BB629C6066700B6826A /* Textures */,
				791E78B129B9385400FB45F3 /* App.swift */,
				791E78CE29B93A2B00FB45F3 /* CheckBox.swift */,
				791E78CF29B93A2B00FB45F3 /* ContentView.swift */,
				79F6D2C929BA6C34007CA69A /* Border.swift */,
				79F6D2FF29C16FC5007CA69A /* Selected.swift */,
				79F6D2EC29BCC53E007CA69A /* LabeledNumericField.swift */,
				79F6D30129C1DC78007CA69A /* ListItemField.swift */,
				7921DF6E29C7E5EF0013E317 /* UndoProvider.swift */,
				79F6D30329C1DD7F007CA69A /* ListItem.swift */,
				7921DF7029C888310013E317 /* ModelTreeListItem.swift */,
				79F6D2E829BCBD83007CA69A /* NumericField.swift */,
				79F6D2EE29BCC983007CA69A /* VectorFieldView.swift */,
			);
			path = UserInterface;
			sourceTree = "<group>";
		};
		791E78F429B93B2A00FB45F3 /* Products */ = {
			isa = PBXGroup;
			children = (
				791E78F929B93B2A00FB45F3 /* Http.framework */,
				791E78FB29B93B2A00FB45F3 /* HttpTests.xctest */,
			);
			name = Products;
			sourceTree = "<group>";
		};
		791E78FC29B93B6F00FB45F3 /* Frameworks */ = {
			isa = PBXGroup;
			children = (
			);
			name = Frameworks;
			sourceTree = "<group>";
		};
		791E790029B93BB600FB45F3 /* UIModels */ = {
			isa = PBXGroup;
			children = (
				791E790129B93BB600FB45F3 /* ObjectStore.swift */,
				799B4BBE29C652D200B6826A /* DirectionalLight.swift */,
				79DF5C5629C52D5F0005CF41 /* SceneDocument.swift */,
				798D3BFB29C3CBD100B96C5F /* File */,
				79F6D2CB29BA7EFA007CA69A /* LIght.swift */,
				791E790429B93BB600FB45F3 /* Transform.swift */,
				79F6D2C029BA58F5007CA69A /* Animator.swift */,
				79F6D2D629BB6642007CA69A /* AnimatorStore.swift */,
			);
			path = UIModels;
			sourceTree = "<group>";
		};
		791E790929B93BDC00FB45F3 /* Math */ = {
			isa = PBXGroup;
			children = (
				791E790A29B93BDC00FB45F3 /* Matrix4x4.swift */,
				791E790B29B93BDC00FB45F3 /* Vec3.swift */,
				791E790C29B93BDC00FB45F3 /* Vec4.swift */,
				791E790D29B93BDC00FB45F3 /* Vec2.swift */,
			);
			path = Math;
			sourceTree = "<group>";
		};
		791E791B29B93D6000FB45F3 /* RenderObjects */ = {
			isa = PBXGroup;
			children = (
				791E791C29B93D6000FB45F3 /* Mesh.swift */,
				791E791D29B93D6000FB45F3 /* RenderObject.swift */,
				79F6D2CD29BAA245007CA69A /* Object.swift */,
				791E791E29B93D6000FB45F3 /* Line.swift */,
				791E791F29B93D6000FB45F3 /* TriangleMesh.swift */,
			);
			path = RenderObjects;
			sourceTree = "<group>";
		};
		791E792429B93D7000FB45F3 /* Materials */ = {
			isa = PBXGroup;
			children = (
				798D3C0E29C4A71100B96C5F /* Descriptors */,
				791E792529B93D7000FB45F3 /* PbrLineMaterial.swift */,
				799B4BC229C72D3100B6826A /* DepthShadowMaterial.swift */,
				791E792629B93D7000FB45F3 /* PbrMaterial.swift */,
				798D3BF029C3C17E00B96C5F /* MaterialLayer.swift */,
				798D3BF229C3C1B200B96C5F /* AlbedoLayer.swift */,
				798D3BF429C3C1FB00B96C5F /* MetallicLayer.swift */,
				798D3BF629C3C24400B96C5F /* NormalsLayer.swift */,
				798D3BF829C3C27400B96C5F /* RoughnessLayer.swift */,
				791E792729B93D7000FB45F3 /* TextureManager.swift */,
				791E792829B93D7000FB45F3 /* LineMaterial.swift */,
				791E792929B93D7000FB45F3 /* BaseMaterial.swift */,
				791E792A29B93D7000FB45F3 /* MaterialManager.swift */,
			);
			path = Materials;
			sourceTree = "<group>";
		};
		798D3BFB29C3CBD100B96C5F /* File */ = {
			isa = PBXGroup;
			children = (
				798D3BFC29C3CBF400B96C5F /* File.swift */,
				798D3BFE29C3CC4300B96C5F /* FileCamera.swift */,
			);
			path = File;
			sourceTree = "<group>";
		};
		798D3C0E29C4A71100B96C5F /* Descriptors */ = {
			isa = PBXGroup;
			children = (
				798D3C0C29C4162D00B96C5F /* MaterialDescriptor.swift */,
				798D3C0F29C4A72B00B96C5F /* AlbedoLayerDescriptor.swift */,
				798D3C1329C4A7E800B96C5F /* NormalsLayerDescriptor.swift */,
				798D3C1129C4A74C00B96C5F /* MaterialLayerDescriptor.swift */,
				798D3C1529C4A90C00B96C5F /* MetallicLayerDescriptor.swift */,
				798D3C1729C4A99500B96C5F /* RoughnessLayerDescriptor.swift */,
			);
			path = Descriptors;
			sourceTree = "<group>";
		};
		799B4BB629C6066700B6826A /* Textures */ = {
			isa = PBXGroup;
			children = (
				799B4BB929C6067800B6826A /* TexturesView.swift */,
			);
			path = Textures;
			sourceTree = "<group>";
		};
		79F6D2CF29BAA8C7007CA69A /* Allocators */ = {
			isa = PBXGroup;
			children = (
				79F6D2D029BAA8DB007CA69A /* SphereAllocator.swift */,
				79F6D2D229BAC193007CA69A /* TestRectAllocator.swift */,
				79345D3629C509E200E9F074 /* RectangleAllocator.swift */,
			);
			path = Allocators;
			sourceTree = "<group>";
		};
		79F6D2F529C15CF9007CA69A /* Models */ = {
			isa = PBXGroup;
			children = (
				79F6D30729C1ED09007CA69A /* Objects */,
				791C495529B94AEF00C00150 /* ModelManager.swift */,
				79F6D2D829BB691E007CA69A /* ModelDetailsView.swift */,
				791E78CA29B93A2B00FB45F3 /* ModelsView.swift */,
				791E78CC29B93A2B00FB45F3 /* TransformsView.swift */,
				791E78CB29B93A2B00FB45F3 /* TransformView.swift */,
				79F6D2DE29BB941E007CA69A /* AnimatorPickerItem.swift */,
			);
			path = Models;
			sourceTree = "<group>";
		};
		79F6D2F729C15D13007CA69A /* Materials */ = {
			isa = PBXGroup;
			children = (
				79F6D2C729BA5F10007CA69A /* MaterialsView.swift */,
				79F6D2FB29C16769007CA69A /* MaterialListItem.swift */,
				79F6D2FD29C16894007CA69A /* MaterialDetailView.swift */,
				798D3BEC29C361D700B96C5F /* MetallicView.swift */,
				798D3BEE29C3621900B96C5F /* RoughnessView.swift */,
				798D3BEA29C3613700B96C5F /* NormalsView.swift */,
				798D3BE829C35EE600B96C5F /* AlbedoView.swift */,
				79F6D30529C1E25E007CA69A /* OpenFileButton.swift */,
			);
			path = Materials;
			sourceTree = "<group>";
		};
		79F6D2F829C15D1E007CA69A /* Animators */ = {
			isa = PBXGroup;
			children = (
				79F6D2C529BA5C80007CA69A /* AnimatorsView.swift */,
				79F6D2DC29BB92C7007CA69A /* AnimatorListItem.swift */,
				79F6D2DA29BB6A07007CA69A /* AnimatorDetailsView.swift */,
			);
			path = Animators;
			sourceTree = "<group>";
		};
		79F6D30729C1ED09007CA69A /* Objects */ = {
			isa = PBXGroup;
			children = (
				79F6D2E029BBA375007CA69A /* ObjectDetailsView.swift */,
				79F6D30829C1EDBE007CA69A /* ObjectMaterialView.swift */,
				79F6D2D429BB6236007CA69A /* ObjectsView.swift */,
				791E78C929B93A2B00FB45F3 /* EditObject.swift */,
				79F6D2E429BC2C6A007CA69A /* LightDetailsView.swift */,
				799B4BBC29C651AE00B6826A /* DirectionalLightView.swift */,
				791E78CD29B93A2B00FB45F3 /* AddObject.swift */,
			);
			path = Objects;
			sourceTree = "<group>";
		};
/* End PBXGroup section */

/* Begin PBXNativeTarget section */
		791E788129B937A900FB45F3 /* Terrain4 */ = {
			isa = PBXNativeTarget;
			buildConfigurationList = 791E78A629B937AB00FB45F3 /* Build configuration list for PBXNativeTarget "Terrain4" */;
			buildPhases = (
				791E787E29B937A900FB45F3 /* Sources */,
				791E787F29B937A900FB45F3 /* Frameworks */,
				791E788029B937A900FB45F3 /* Resources */,
				791E78FF29B93B6F00FB45F3 /* Embed Frameworks */,
			);
			buildRules = (
			);
			dependencies = (
			);
			name = Terrain4;
			productName = Terrain4;
			productReference = 791E788229B937A900FB45F3 /* Terrain4.app */;
			productType = "com.apple.product-type.application";
		};
		791E789129B937AB00FB45F3 /* Terrain4Tests */ = {
			isa = PBXNativeTarget;
			buildConfigurationList = 791E78A929B937AB00FB45F3 /* Build configuration list for PBXNativeTarget "Terrain4Tests" */;
			buildPhases = (
				791E788E29B937AB00FB45F3 /* Sources */,
				791E788F29B937AB00FB45F3 /* Frameworks */,
				791E789029B937AB00FB45F3 /* Resources */,
			);
			buildRules = (
			);
			dependencies = (
				791E789429B937AB00FB45F3 /* PBXTargetDependency */,
			);
			name = Terrain4Tests;
			productName = Terrain4Tests;
			productReference = 791E789229B937AB00FB45F3 /* Terrain4Tests.xctest */;
			productType = "com.apple.product-type.bundle.unit-test";
		};
		791E789B29B937AB00FB45F3 /* Terrain4UITests */ = {
			isa = PBXNativeTarget;
			buildConfigurationList = 791E78AC29B937AB00FB45F3 /* Build configuration list for PBXNativeTarget "Terrain4UITests" */;
			buildPhases = (
				791E789829B937AB00FB45F3 /* Sources */,
				791E789929B937AB00FB45F3 /* Frameworks */,
				791E789A29B937AB00FB45F3 /* Resources */,
			);
			buildRules = (
			);
			dependencies = (
				791E789E29B937AB00FB45F3 /* PBXTargetDependency */,
			);
			name = Terrain4UITests;
			productName = Terrain4UITests;
			productReference = 791E789C29B937AB00FB45F3 /* Terrain4UITests.xctest */;
			productType = "com.apple.product-type.bundle.ui-testing";
		};
/* End PBXNativeTarget section */

/* Begin PBXProject section */
		791E787A29B937A900FB45F3 /* Project object */ = {
			isa = PBXProject;
			attributes = {
				BuildIndependentTargetsInParallel = 1;
				LastSwiftUpdateCheck = 1420;
				LastUpgradeCheck = 1420;
				TargetAttributes = {
					791E788129B937A900FB45F3 = {
						CreatedOnToolsVersion = 14.2;
						LastSwiftMigration = 1420;
					};
					791E789129B937AB00FB45F3 = {
						CreatedOnToolsVersion = 14.2;
						TestTargetID = 791E788129B937A900FB45F3;
					};
					791E789B29B937AB00FB45F3 = {
						CreatedOnToolsVersion = 14.2;
						TestTargetID = 791E788129B937A900FB45F3;
					};
				};
			};
			buildConfigurationList = 791E787D29B937A900FB45F3 /* Build configuration list for PBXProject "Terrain4" */;
			compatibilityVersion = "Xcode 14.0";
			developmentRegion = en;
			hasScannedForEncodings = 0;
			knownRegions = (
				en,
				Base,
			);
			mainGroup = 791E787929B937A900FB45F3;
			productRefGroup = 791E788329B937A900FB45F3 /* Products */;
			projectDirPath = "";
			projectReferences = (
				{
					ProductGroup = 791E78F429B93B2A00FB45F3 /* Products */;
					ProjectRef = 791E78F329B93B2A00FB45F3 /* Http.xcodeproj */;
				},
			);
			projectRoot = "";
			targets = (
				791E788129B937A900FB45F3 /* Terrain4 */,
				791E789129B937AB00FB45F3 /* Terrain4Tests */,
				791E789B29B937AB00FB45F3 /* Terrain4UITests */,
			);
		};
/* End PBXProject section */

/* Begin PBXReferenceProxy section */
		791E78F929B93B2A00FB45F3 /* Http.framework */ = {
			isa = PBXReferenceProxy;
			fileType = wrapper.framework;
			path = Http.framework;
			remoteRef = 791E78F829B93B2A00FB45F3 /* PBXContainerItemProxy */;
			sourceTree = BUILT_PRODUCTS_DIR;
		};
		791E78FB29B93B2A00FB45F3 /* HttpTests.xctest */ = {
			isa = PBXReferenceProxy;
			fileType = wrapper.cfbundle;
			path = HttpTests.xctest;
			remoteRef = 791E78FA29B93B2A00FB45F3 /* PBXContainerItemProxy */;
			sourceTree = BUILT_PRODUCTS_DIR;
		};
/* End PBXReferenceProxy section */

/* Begin PBXResourcesBuildPhase section */
		791E788029B937A900FB45F3 /* Resources */ = {
			isa = PBXResourcesBuildPhase;
			buildActionMask = 2147483647;
			files = (
				791E788D29B937AB00FB45F3 /* Preview Assets.xcassets in Resources */,
				791E788A29B937AB00FB45F3 /* Assets.xcassets in Resources */,
			);
			runOnlyForDeploymentPostprocessing = 0;
		};
		791E789029B937AB00FB45F3 /* Resources */ = {
			isa = PBXResourcesBuildPhase;
			buildActionMask = 2147483647;
			files = (
			);
			runOnlyForDeploymentPostprocessing = 0;
		};
		791E789A29B937AB00FB45F3 /* Resources */ = {
			isa = PBXResourcesBuildPhase;
			buildActionMask = 2147483647;
			files = (
			);
			runOnlyForDeploymentPostprocessing = 0;
		};
/* End PBXResourcesBuildPhase section */

/* Begin PBXSourcesBuildPhase section */
		791E787E29B937A900FB45F3 /* Sources */ = {
			isa = PBXSourcesBuildPhase;
			buildActionMask = 2147483647;
			files = (
				791E791729B93C2B00FB45F3 /* Model.swift in Sources */,
				79F6D2D329BAC193007CA69A /* TestRectAllocator.swift in Sources */,
				798D3BF129C3C17E00B96C5F /* MaterialLayer.swift in Sources */,
				791E78D129B93A2B00FB45F3 /* ModelsView.swift in Sources */,
				791E794529B9443F00FB45F3 /* Sun.swift in Sources */,
				79F6D2D729BB6642007CA69A /* AnimatorStore.swift in Sources */,
				791E791129B93BDC00FB45F3 /* Vec2.swift in Sources */,
				791E793729B9430E00FB45F3 /* RenderDelegate.swift in Sources */,
				791E793529B9430E00FB45F3 /* Renderer.swift in Sources */,
				791E792229B93D6000FB45F3 /* Line.swift in Sources */,
				79F6D2E129BBA375007CA69A /* ObjectDetailsView.swift in Sources */,
				791E78D029B93A2B00FB45F3 /* EditObject.swift in Sources */,
				79F6D30429C1DD7F007CA69A /* ListItem.swift in Sources */,
				791E794329B9441800FB45F3 /* Utilities.swift in Sources */,
				79F6D30929C1EDBE007CA69A /* ObjectMaterialView.swift in Sources */,
				798D3C1829C4A99500B96C5F /* RoughnessLayerDescriptor.swift in Sources */,
				791E793F29B9436800FB45F3 /* TerrainTile.swift in Sources */,
				79F6D2CC29BA7EFA007CA69A /* LIght.swift in Sources */,
				7921DF6F29C7E5EF0013E317 /* UndoProvider.swift in Sources */,
				791E793B29B9433F00FB45F3 /* Camera.swift in Sources */,
				791E78D529B93A2B00FB45F3 /* CheckBox.swift in Sources */,
				79F6D2DF29BB941F007CA69A /* AnimatorPickerItem.swift in Sources */,
				79F6D2DD29BB92C7007CA69A /* AnimatorListItem.swift in Sources */,
				798D3C1229C4A74C00B96C5F /* MaterialLayerDescriptor.swift in Sources */,
				79F6D2C829BA5F10007CA69A /* MaterialsView.swift in Sources */,
				791E78D429B93A2B00FB45F3 /* AddObject.swift in Sources */,
				791E78B529B9388400FB45F3 /* AppDelegate.swift in Sources */,
				798D3BEF29C3621900B96C5F /* RoughnessView.swift in Sources */,
				79F6D2D529BB6236007CA69A /* ObjectsView.swift in Sources */,
				791E792329B93D6000FB45F3 /* TriangleMesh.swift in Sources */,
				791E790F29B93BDC00FB45F3 /* Vec3.swift in Sources */,
				799B4BC129C6853900B6826A /* ShadowShaders.metal in Sources */,
				798D3C1629C4A90C00B96C5F /* MetallicLayerDescriptor.swift in Sources */,
				79F6D2C129BA58F5007CA69A /* Animator.swift in Sources */,
				791E792C29B93D7000FB45F3 /* PbrMaterial.swift in Sources */,
				791E793629B9430E00FB45F3 /* RenderViewController.swift in Sources */,
				791E78C329B9390700FB45F3 /* Configuration.swift in Sources */,
				791E78D629B93A2B00FB45F3 /* ContentView.swift in Sources */,
				79F6D2DB29BB6A08007CA69A /* AnimatorDetailsView.swift in Sources */,
				798D3BFF29C3CC4300B96C5F /* FileCamera.swift in Sources */,
				791E793C29B9433F00FB45F3 /* Skybox.swift in Sources */,
				798D3BFD29C3CBF400B96C5F /* File.swift in Sources */,
				79F6D2D129BAA8DB007CA69A /* SphereAllocator.swift in Sources */,
				798D3BF729C3C24400B96C5F /* NormalsLayer.swift in Sources */,
				791E790529B93BB600FB45F3 /* ObjectStore.swift in Sources */,
				79F6D2FE29C16894007CA69A /* MaterialDetailView.swift in Sources */,
				79F6D2D929BB691E007CA69A /* ModelDetailsView.swift in Sources */,
				79F6D30629C1E25E007CA69A /* OpenFileButton.swift in Sources */,
				79F6D2C629BA5C80007CA69A /* AnimatorsView.swift in Sources */,
				79F6D2EB29BCBD83007CA69A /* NumericField.swift in Sources */,
				791E792E29B93D7000FB45F3 /* LineMaterial.swift in Sources */,
				791E791029B93BDC00FB45F3 /* Vec4.swift in Sources */,
				79F6D2ED29BCC53E007CA69A /* LabeledNumericField.swift in Sources */,
				791E790829B93BB600FB45F3 /* Transform.swift in Sources */,
				798D3BF329C3C1B200B96C5F /* AlbedoLayer.swift in Sources */,
				791E78B329B9385400FB45F3 /* App.swift in Sources */,
				79F6D2FC29C16769007CA69A /* MaterialListItem.swift in Sources */,
				79F6D2EF29BCC983007CA69A /* VectorFieldView.swift in Sources */,
				791E792B29B93D7000FB45F3 /* PbrLineMaterial.swift in Sources */,
				791E795229B944D000FB45F3 /* PbrShaders.metal in Sources */,
				791E793D29B9433F00FB45F3 /* World.swift in Sources */,
				79F6D30229C1DC79007CA69A /* ListItemField.swift in Sources */,
				798D3C1029C4A72B00B96C5F /* AlbedoLayerDescriptor.swift in Sources */,
				79DF5C5729C52D5F0005CF41 /* SceneDocument.swift in Sources */,
				791E791929B93C7D00FB45F3 /* Errors.swift in Sources */,
				79F6D2CE29BAA245007CA69A /* Object.swift in Sources */,
				79F6D2CA29BA6C34007CA69A /* Border.swift in Sources */,
				791E792D29B93D7000FB45F3 /* TextureManager.swift in Sources */,
				791E795029B944D000FB45F3 /* LineShaders.metal in Sources */,
				79F6D2E529BC2C6A007CA69A /* LightDetailsView.swift in Sources */,
				791E794E29B944D000FB45F3 /* Pbr.metal in Sources */,
				798D3BED29C361D700B96C5F /* MetallicView.swift in Sources */,
				791E78D229B93A2B00FB45F3 /* TransformView.swift in Sources */,
				791E793029B93D7000FB45F3 /* MaterialManager.swift in Sources */,
				799B4BBA29C6067800B6826A /* TexturesView.swift in Sources */,
				79345D3929C509E200E9F074 /* RectangleAllocator.swift in Sources */,
				799B4BBD29C651AE00B6826A /* DirectionalLightView.swift in Sources */,
				791E794F29B944D000FB45F3 /* PbrLineShaders.metal in Sources */,
				791E795329B944D000FB45F3 /* SkyboxShaders.metal in Sources */,
				791E795129B944D000FB45F3 /* Shaders.metal in Sources */,
				791C495629B94AEF00C00150 /* ModelManager.swift in Sources */,
				791E792129B93D6000FB45F3 /* RenderObject.swift in Sources */,
				791E792029B93D6000FB45F3 /* Mesh.swift in Sources */,
				798D3BE929C35EE600B96C5F /* AlbedoView.swift in Sources */,
				798D3C0D29C4162D00B96C5F /* MaterialDescriptor.swift in Sources */,
				791E792F29B93D7000FB45F3 /* BaseMaterial.swift in Sources */,
				791E794729B9446A00FB45F3 /* Types.swift in Sources */,
				799B4BBF29C652D200B6826A /* DirectionalLight.swift in Sources */,
				798D3BEB29C3613700B96C5F /* NormalsView.swift in Sources */,
				791E78D329B93A2B00FB45F3 /* TransformsView.swift in Sources */,
				798D3BF929C3C27400B96C5F /* RoughnessLayer.swift in Sources */,
				791E794129B943E800FB45F3 /* RenderView.swift in Sources */,
				798D3C1429C4A7E800B96C5F /* NormalsLayerDescriptor.swift in Sources */,
				798D3BF529C3C1FB00B96C5F /* MetallicLayer.swift in Sources */,
				79F6D30029C16FC5007CA69A /* Selected.swift in Sources */,
				799B4BC329C72D3100B6826A /* DepthShadowMaterial.swift in Sources */,
				7921DF7129C888310013E317 /* ModelTreeListItem.swift in Sources */,
				791E790E29B93BDC00FB45F3 /* Matrix4x4.swift in Sources */,
			);
			runOnlyForDeploymentPostprocessing = 0;
		};
		791E788E29B937AB00FB45F3 /* Sources */ = {
			isa = PBXSourcesBuildPhase;
			buildActionMask = 2147483647;
			files = (
				791E789729B937AB00FB45F3 /* Terrain4Tests.swift in Sources */,
			);
			runOnlyForDeploymentPostprocessing = 0;
		};
		791E789829B937AB00FB45F3 /* Sources */ = {
			isa = PBXSourcesBuildPhase;
			buildActionMask = 2147483647;
			files = (
				791E78A329B937AB00FB45F3 /* Terrain4UITestsLaunchTests.swift in Sources */,
				791E78A129B937AB00FB45F3 /* Terrain4UITests.swift in Sources */,
			);
			runOnlyForDeploymentPostprocessing = 0;
		};
/* End PBXSourcesBuildPhase section */

/* Begin PBXTargetDependency section */
		791E789429B937AB00FB45F3 /* PBXTargetDependency */ = {
			isa = PBXTargetDependency;
			target = 791E788129B937A900FB45F3 /* Terrain4 */;
			targetProxy = 791E789329B937AB00FB45F3 /* PBXContainerItemProxy */;
		};
		791E789E29B937AB00FB45F3 /* PBXTargetDependency */ = {
			isa = PBXTargetDependency;
			target = 791E788129B937A900FB45F3 /* Terrain4 */;
			targetProxy = 791E789D29B937AB00FB45F3 /* PBXContainerItemProxy */;
		};
/* End PBXTargetDependency section */

/* Begin XCBuildConfiguration section */
		791E78A429B937AB00FB45F3 /* Debug */ = {
			isa = XCBuildConfiguration;
			buildSettings = {
				ALWAYS_SEARCH_USER_PATHS = NO;
				CLANG_ANALYZER_NONNULL = YES;
				CLANG_ANALYZER_NUMBER_OBJECT_CONVERSION = YES_AGGRESSIVE;
				CLANG_CXX_LANGUAGE_STANDARD = "gnu++20";
				CLANG_ENABLE_MODULES = YES;
				CLANG_ENABLE_OBJC_ARC = YES;
				CLANG_ENABLE_OBJC_WEAK = YES;
				CLANG_WARN_BLOCK_CAPTURE_AUTORELEASING = YES;
				CLANG_WARN_BOOL_CONVERSION = YES;
				CLANG_WARN_COMMA = YES;
				CLANG_WARN_CONSTANT_CONVERSION = YES;
				CLANG_WARN_DEPRECATED_OBJC_IMPLEMENTATIONS = YES;
				CLANG_WARN_DIRECT_OBJC_ISA_USAGE = YES_ERROR;
				CLANG_WARN_DOCUMENTATION_COMMENTS = YES;
				CLANG_WARN_EMPTY_BODY = YES;
				CLANG_WARN_ENUM_CONVERSION = YES;
				CLANG_WARN_INFINITE_RECURSION = YES;
				CLANG_WARN_INT_CONVERSION = YES;
				CLANG_WARN_NON_LITERAL_NULL_CONVERSION = YES;
				CLANG_WARN_OBJC_IMPLICIT_RETAIN_SELF = YES;
				CLANG_WARN_OBJC_LITERAL_CONVERSION = YES;
				CLANG_WARN_OBJC_ROOT_CLASS = YES_ERROR;
				CLANG_WARN_QUOTED_INCLUDE_IN_FRAMEWORK_HEADER = YES;
				CLANG_WARN_RANGE_LOOP_ANALYSIS = YES;
				CLANG_WARN_STRICT_PROTOTYPES = YES;
				CLANG_WARN_SUSPICIOUS_MOVE = YES;
				CLANG_WARN_UNGUARDED_AVAILABILITY = YES_AGGRESSIVE;
				CLANG_WARN_UNREACHABLE_CODE = YES;
				CLANG_WARN__DUPLICATE_METHOD_MATCH = YES;
				COPY_PHASE_STRIP = NO;
				DEBUG_INFORMATION_FORMAT = dwarf;
				ENABLE_STRICT_OBJC_MSGSEND = YES;
				ENABLE_TESTABILITY = YES;
				GCC_C_LANGUAGE_STANDARD = gnu11;
				GCC_DYNAMIC_NO_PIC = NO;
				GCC_NO_COMMON_BLOCKS = YES;
				GCC_OPTIMIZATION_LEVEL = 0;
				GCC_PREPROCESSOR_DEFINITIONS = (
					"DEBUG=1",
					"$(inherited)",
				);
				GCC_WARN_64_TO_32_BIT_CONVERSION = YES;
				GCC_WARN_ABOUT_RETURN_TYPE = YES_ERROR;
				GCC_WARN_UNDECLARED_SELECTOR = YES;
				GCC_WARN_UNINITIALIZED_AUTOS = YES_AGGRESSIVE;
				GCC_WARN_UNUSED_FUNCTION = YES;
				GCC_WARN_UNUSED_VARIABLE = YES;
				IPHONEOS_DEPLOYMENT_TARGET = 16.2;
				MTL_ENABLE_DEBUG_INFO = INCLUDE_SOURCE;
				MTL_FAST_MATH = YES;
				ONLY_ACTIVE_ARCH = YES;
				SDKROOT = iphoneos;
				SWIFT_ACTIVE_COMPILATION_CONDITIONS = DEBUG;
				SWIFT_OPTIMIZATION_LEVEL = "-Onone";
			};
			name = Debug;
		};
		791E78A529B937AB00FB45F3 /* Release */ = {
			isa = XCBuildConfiguration;
			buildSettings = {
				ALWAYS_SEARCH_USER_PATHS = NO;
				CLANG_ANALYZER_NONNULL = YES;
				CLANG_ANALYZER_NUMBER_OBJECT_CONVERSION = YES_AGGRESSIVE;
				CLANG_CXX_LANGUAGE_STANDARD = "gnu++20";
				CLANG_ENABLE_MODULES = YES;
				CLANG_ENABLE_OBJC_ARC = YES;
				CLANG_ENABLE_OBJC_WEAK = YES;
				CLANG_WARN_BLOCK_CAPTURE_AUTORELEASING = YES;
				CLANG_WARN_BOOL_CONVERSION = YES;
				CLANG_WARN_COMMA = YES;
				CLANG_WARN_CONSTANT_CONVERSION = YES;
				CLANG_WARN_DEPRECATED_OBJC_IMPLEMENTATIONS = YES;
				CLANG_WARN_DIRECT_OBJC_ISA_USAGE = YES_ERROR;
				CLANG_WARN_DOCUMENTATION_COMMENTS = YES;
				CLANG_WARN_EMPTY_BODY = YES;
				CLANG_WARN_ENUM_CONVERSION = YES;
				CLANG_WARN_INFINITE_RECURSION = YES;
				CLANG_WARN_INT_CONVERSION = YES;
				CLANG_WARN_NON_LITERAL_NULL_CONVERSION = YES;
				CLANG_WARN_OBJC_IMPLICIT_RETAIN_SELF = YES;
				CLANG_WARN_OBJC_LITERAL_CONVERSION = YES;
				CLANG_WARN_OBJC_ROOT_CLASS = YES_ERROR;
				CLANG_WARN_QUOTED_INCLUDE_IN_FRAMEWORK_HEADER = YES;
				CLANG_WARN_RANGE_LOOP_ANALYSIS = YES;
				CLANG_WARN_STRICT_PROTOTYPES = YES;
				CLANG_WARN_SUSPICIOUS_MOVE = YES;
				CLANG_WARN_UNGUARDED_AVAILABILITY = YES_AGGRESSIVE;
				CLANG_WARN_UNREACHABLE_CODE = YES;
				CLANG_WARN__DUPLICATE_METHOD_MATCH = YES;
				COPY_PHASE_STRIP = NO;
				DEBUG_INFORMATION_FORMAT = "dwarf-with-dsym";
				ENABLE_NS_ASSERTIONS = NO;
				ENABLE_STRICT_OBJC_MSGSEND = YES;
				GCC_C_LANGUAGE_STANDARD = gnu11;
				GCC_NO_COMMON_BLOCKS = YES;
				GCC_WARN_64_TO_32_BIT_CONVERSION = YES;
				GCC_WARN_ABOUT_RETURN_TYPE = YES_ERROR;
				GCC_WARN_UNDECLARED_SELECTOR = YES;
				GCC_WARN_UNINITIALIZED_AUTOS = YES_AGGRESSIVE;
				GCC_WARN_UNUSED_FUNCTION = YES;
				GCC_WARN_UNUSED_VARIABLE = YES;
				IPHONEOS_DEPLOYMENT_TARGET = 16.2;
				MTL_ENABLE_DEBUG_INFO = NO;
				MTL_FAST_MATH = YES;
				SDKROOT = iphoneos;
				SWIFT_COMPILATION_MODE = wholemodule;
				SWIFT_OPTIMIZATION_LEVEL = "-O";
				VALIDATE_PRODUCT = YES;
			};
			name = Release;
		};
		791E78A729B937AB00FB45F3 /* Debug */ = {
			isa = XCBuildConfiguration;
			buildSettings = {
				ASSETCATALOG_COMPILER_APPICON_NAME = AppIcon;
				ASSETCATALOG_COMPILER_GLOBAL_ACCENT_COLOR_NAME = AccentColor;
				CLANG_ENABLE_MODULES = YES;
				CODE_SIGN_ENTITLEMENTS = Terrain4/Terrain4.entitlements;
				CODE_SIGN_STYLE = Automatic;
				CURRENT_PROJECT_VERSION = 1;
				DEVELOPMENT_ASSET_PATHS = "\"Terrain4/Preview Content\"";
				DEVELOPMENT_TEAM = N7MR48SV68;
				ENABLE_PREVIEWS = YES;
				GENERATE_INFOPLIST_FILE = YES;
				INFOPLIST_FILE = Terrain4/Info.plist;
				INFOPLIST_KEY_UIApplicationSupportsIndirectInputEvents = YES;
				INFOPLIST_KEY_UILaunchScreen_Generation = YES;
				INFOPLIST_KEY_UIRequiredDeviceCapabilities = metal;
				INFOPLIST_KEY_UISupportedInterfaceOrientations_iPad = "UIInterfaceOrientationPortrait UIInterfaceOrientationPortraitUpsideDown UIInterfaceOrientationLandscapeLeft UIInterfaceOrientationLandscapeRight";
				INFOPLIST_KEY_UISupportedInterfaceOrientations_iPhone = "UIInterfaceOrientationPortrait UIInterfaceOrientationLandscapeLeft UIInterfaceOrientationLandscapeRight";
				INFOPLIST_KEY_UISupportsDocumentBrowser = YES;
				LD_RUNPATH_SEARCH_PATHS = (
					"$(inherited)",
					"@executable_path/Frameworks",
				);
				MARKETING_VERSION = 1.0;
				PRODUCT_BUNDLE_IDENTIFIER = app.richardshields.Terrain4;
				PRODUCT_NAME = "$(TARGET_NAME)";
				SUPPORTED_PLATFORMS = "iphoneos iphonesimulator";
				SUPPORTS_MACCATALYST = YES;
				SUPPORTS_MAC_DESIGNED_FOR_IPHONE_IPAD = NO;
				SWIFT_EMIT_LOC_STRINGS = YES;
				SWIFT_OBJC_BRIDGING_HEADER = Terrain4/ShaderTypes.h;
				SWIFT_OPTIMIZATION_LEVEL = "-Onone";
				SWIFT_VERSION = 5.0;
				TARGETED_DEVICE_FAMILY = "1,2";
			};
			name = Debug;
		};
		791E78A829B937AB00FB45F3 /* Release */ = {
			isa = XCBuildConfiguration;
			buildSettings = {
				ASSETCATALOG_COMPILER_APPICON_NAME = AppIcon;
				ASSETCATALOG_COMPILER_GLOBAL_ACCENT_COLOR_NAME = AccentColor;
				CLANG_ENABLE_MODULES = YES;
				CODE_SIGN_ENTITLEMENTS = Terrain4/Terrain4.entitlements;
				CODE_SIGN_STYLE = Automatic;
				CURRENT_PROJECT_VERSION = 1;
				DEVELOPMENT_ASSET_PATHS = "\"Terrain4/Preview Content\"";
				DEVELOPMENT_TEAM = N7MR48SV68;
				ENABLE_PREVIEWS = YES;
				GENERATE_INFOPLIST_FILE = YES;
				INFOPLIST_FILE = Terrain4/Info.plist;
				INFOPLIST_KEY_UIApplicationSupportsIndirectInputEvents = YES;
				INFOPLIST_KEY_UILaunchScreen_Generation = YES;
				INFOPLIST_KEY_UIRequiredDeviceCapabilities = metal;
				INFOPLIST_KEY_UISupportedInterfaceOrientations_iPad = "UIInterfaceOrientationPortrait UIInterfaceOrientationPortraitUpsideDown UIInterfaceOrientationLandscapeLeft UIInterfaceOrientationLandscapeRight";
				INFOPLIST_KEY_UISupportedInterfaceOrientations_iPhone = "UIInterfaceOrientationPortrait UIInterfaceOrientationLandscapeLeft UIInterfaceOrientationLandscapeRight";
				INFOPLIST_KEY_UISupportsDocumentBrowser = YES;
				LD_RUNPATH_SEARCH_PATHS = (
					"$(inherited)",
					"@executable_path/Frameworks",
				);
				MARKETING_VERSION = 1.0;
				PRODUCT_BUNDLE_IDENTIFIER = app.richardshields.Terrain4;
				PRODUCT_NAME = "$(TARGET_NAME)";
				SUPPORTED_PLATFORMS = "iphoneos iphonesimulator";
				SUPPORTS_MACCATALYST = YES;
				SUPPORTS_MAC_DESIGNED_FOR_IPHONE_IPAD = NO;
				SWIFT_EMIT_LOC_STRINGS = YES;
				SWIFT_OBJC_BRIDGING_HEADER = Terrain4/ShaderTypes.h;
				SWIFT_VERSION = 5.0;
				TARGETED_DEVICE_FAMILY = "1,2";
			};
			name = Release;
		};
		791E78AA29B937AB00FB45F3 /* Debug */ = {
			isa = XCBuildConfiguration;
			buildSettings = {
				ALWAYS_EMBED_SWIFT_STANDARD_LIBRARIES = YES;
				BUNDLE_LOADER = "$(TEST_HOST)";
				CODE_SIGN_STYLE = Automatic;
				CURRENT_PROJECT_VERSION = 1;
				DEVELOPMENT_TEAM = N7MR48SV68;
				GENERATE_INFOPLIST_FILE = YES;
				IPHONEOS_DEPLOYMENT_TARGET = 16.2;
				MARKETING_VERSION = 1.0;
				PRODUCT_BUNDLE_IDENTIFIER = app.richardshields.Terrain4Tests;
				PRODUCT_NAME = "$(TARGET_NAME)";
				SWIFT_EMIT_LOC_STRINGS = NO;
				SWIFT_VERSION = 5.0;
				TARGETED_DEVICE_FAMILY = "1,2";
				TEST_HOST = "$(BUILT_PRODUCTS_DIR)/Terrain4.app/$(BUNDLE_EXECUTABLE_FOLDER_PATH)/Terrain4";
			};
			name = Debug;
		};
		791E78AB29B937AB00FB45F3 /* Release */ = {
			isa = XCBuildConfiguration;
			buildSettings = {
				ALWAYS_EMBED_SWIFT_STANDARD_LIBRARIES = YES;
				BUNDLE_LOADER = "$(TEST_HOST)";
				CODE_SIGN_STYLE = Automatic;
				CURRENT_PROJECT_VERSION = 1;
				DEVELOPMENT_TEAM = N7MR48SV68;
				GENERATE_INFOPLIST_FILE = YES;
				IPHONEOS_DEPLOYMENT_TARGET = 16.2;
				MARKETING_VERSION = 1.0;
				PRODUCT_BUNDLE_IDENTIFIER = app.richardshields.Terrain4Tests;
				PRODUCT_NAME = "$(TARGET_NAME)";
				SWIFT_EMIT_LOC_STRINGS = NO;
				SWIFT_VERSION = 5.0;
				TARGETED_DEVICE_FAMILY = "1,2";
				TEST_HOST = "$(BUILT_PRODUCTS_DIR)/Terrain4.app/$(BUNDLE_EXECUTABLE_FOLDER_PATH)/Terrain4";
			};
			name = Release;
		};
		791E78AD29B937AB00FB45F3 /* Debug */ = {
			isa = XCBuildConfiguration;
			buildSettings = {
				ALWAYS_EMBED_SWIFT_STANDARD_LIBRARIES = YES;
				CODE_SIGN_STYLE = Automatic;
				CURRENT_PROJECT_VERSION = 1;
				DEVELOPMENT_TEAM = N7MR48SV68;
				GENERATE_INFOPLIST_FILE = YES;
				MARKETING_VERSION = 1.0;
				PRODUCT_BUNDLE_IDENTIFIER = app.richardshields.Terrain4UITests;
				PRODUCT_NAME = "$(TARGET_NAME)";
				SWIFT_EMIT_LOC_STRINGS = NO;
				SWIFT_VERSION = 5.0;
				TARGETED_DEVICE_FAMILY = "1,2";
				TEST_TARGET_NAME = Terrain4;
			};
			name = Debug;
		};
		791E78AE29B937AB00FB45F3 /* Release */ = {
			isa = XCBuildConfiguration;
			buildSettings = {
				ALWAYS_EMBED_SWIFT_STANDARD_LIBRARIES = YES;
				CODE_SIGN_STYLE = Automatic;
				CURRENT_PROJECT_VERSION = 1;
				DEVELOPMENT_TEAM = N7MR48SV68;
				GENERATE_INFOPLIST_FILE = YES;
				MARKETING_VERSION = 1.0;
				PRODUCT_BUNDLE_IDENTIFIER = app.richardshields.Terrain4UITests;
				PRODUCT_NAME = "$(TARGET_NAME)";
				SWIFT_EMIT_LOC_STRINGS = NO;
				SWIFT_VERSION = 5.0;
				TARGETED_DEVICE_FAMILY = "1,2";
				TEST_TARGET_NAME = Terrain4;
			};
			name = Release;
		};
/* End XCBuildConfiguration section */

/* Begin XCConfigurationList section */
		791E787D29B937A900FB45F3 /* Build configuration list for PBXProject "Terrain4" */ = {
			isa = XCConfigurationList;
			buildConfigurations = (
				791E78A429B937AB00FB45F3 /* Debug */,
				791E78A529B937AB00FB45F3 /* Release */,
			);
			defaultConfigurationIsVisible = 0;
			defaultConfigurationName = Release;
		};
		791E78A629B937AB00FB45F3 /* Build configuration list for PBXNativeTarget "Terrain4" */ = {
			isa = XCConfigurationList;
			buildConfigurations = (
				791E78A729B937AB00FB45F3 /* Debug */,
				791E78A829B937AB00FB45F3 /* Release */,
			);
			defaultConfigurationIsVisible = 0;
			defaultConfigurationName = Release;
		};
		791E78A929B937AB00FB45F3 /* Build configuration list for PBXNativeTarget "Terrain4Tests" */ = {
			isa = XCConfigurationList;
			buildConfigurations = (
				791E78AA29B937AB00FB45F3 /* Debug */,
				791E78AB29B937AB00FB45F3 /* Release */,
			);
			defaultConfigurationIsVisible = 0;
			defaultConfigurationName = Release;
		};
		791E78AC29B937AB00FB45F3 /* Build configuration list for PBXNativeTarget "Terrain4UITests" */ = {
			isa = XCConfigurationList;
			buildConfigurations = (
				791E78AD29B937AB00FB45F3 /* Debug */,
				791E78AE29B937AB00FB45F3 /* Release */,
			);
			defaultConfigurationIsVisible = 0;
			defaultConfigurationName = Release;
		};
/* End XCConfigurationList section */
	};
	rootObject = 791E787A29B937A900FB45F3 /* Project object */;
}
